
Microsoft Visual Studio Solution File, Format Version 12.00
# Visual Studio Version 16
VisualStudioVersion = 16.0.30804.86
MinimumVisualStudioVersion = 10.0.40219.1
Project("{FAE04EC0-301F-11D3-BF4B-00C04F79EFBC}") = "LearningGitHub", "LearningGitHub\LearningGitHub.csproj", "{84B696D8-5E04-425D-B698-314F17E73623}"
EndProject
Global
	GlobalSection(SolutionConfigurationPlatforms) = preSolution
		Debug|Any CPU = Debug|Any CPU
		Release|Any CPU = Release|Any CPU
	EndGlobalSection
	GlobalSection(ProjectConfigurationPlatforms) = postSolution
		{84B696D8-5E04-425D-B698-314F17E73623}.Debug|Any CPU.ActiveCfg = Debug|Any CPU
		{84B696D8-5E04-425D-B698-314F17E73623}.Debug|Any CPU.Build.0 = Debug|Any CPU
		{84B696D8-5E04-425D-B698-314F17E73623}.Release|Any CPU.ActiveCfg = Release|Any CPU
		{84B696D8-5E04-425D-B698-314F17E73623}.Release|Any CPU.Build.0 = Release|Any CPU
	EndGlobalSection
	GlobalSection(SolutionProperties) = preSolution
		HideSolutionNode = FALSE
	EndGlobalSection
	GlobalSection(ExtensibilityGlobals) = postSolution
		SolutionGuid = {D6CBB8A7-C236-41FC-B04B-74B5ECC9D867}
	EndGlobalSection
EndGlobal
